{
  "version": 4,
  "terraform_version": "1.1.7",
  "serial": 97,
  "lineage": "37ad7b1a-8f2f-c309-0bd5-4ad417522a0a",
  "outputs": {},
  "resources": [
    {
      "module": "module.alb",
      "mode": "managed",
      "type": "aws_lb",
      "name": "create_alb",
      "provider": "provider[\"registry.terraform.io/hashicorp/aws\"]",
      "instances": [
        {
          "schema_version": 0,
          "attributes": {
            "access_logs": [
              {
                "bucket": "",
                "enabled": false,
                "prefix": ""
              }
            ],
            "arn": "arn:aws:elasticloadbalancing:ap-southeast-1:594123181409:loadbalancer/app/skillup-malcedo-alb/8beca708eb9e1e4b",
            "arn_suffix": "app/skillup-malcedo-alb/8beca708eb9e1e4b",
            "customer_owned_ipv4_pool": "",
            "dns_name": "skillup-malcedo-alb-1167413226.ap-southeast-1.elb.amazonaws.com",
            "drop_invalid_header_fields": false,
            "enable_cross_zone_load_balancing": true,
            "enable_deletion_protection": false,
            "enable_http2": true,
            "id": "arn:aws:elasticloadbalancing:ap-southeast-1:594123181409:loadbalancer/app/skillup-malcedo-alb/8beca708eb9e1e4b",
            "idle_timeout": 60,
            "internal": false,
            "ip_address_type": "ipv4",
            "load_balancer_type": "application",
            "name": "skillup-malcedo-alb",
            "name_prefix": null,
            "security_groups": [
              "sg-0c8c37036ba210ee0"
            ],
            "subnet_mapping": [
              {
                "allocation_id": "",
                "ipv6_address": "",
                "outpost_id": "",
                "private_ipv4_address": "",
                "subnet_id": "subnet-0868cbdc2849764e9"
              },
              {
                "allocation_id": "",
                "ipv6_address": "",
                "outpost_id": "",
                "private_ipv4_address": "",
                "subnet_id": "subnet-0ca5ed7002784e114"
              }
            ],
            "subnets": [
              "subnet-0868cbdc2849764e9",
              "subnet-0ca5ed7002784e114"
            ],
            "tags": {
              "GBL_CLASS_0": "SERVICE",
              "GBL_CLASS_1": "TEST",
              "Name": "skillup-malcedo-alb"
            },
            "tags_all": {
              "GBL_CLASS_0": "SERVICE",
              "GBL_CLASS_1": "TEST",
              "Name": "skillup-malcedo-alb"
            },
            "timeouts": null,
            "vpc_id": "vpc-0a6a12c87fe42d220",
            "zone_id": "Z1LMS91P8CMLE5"
          },
          "sensitive_attributes": [],
          "private": "eyJlMmJmYjczMC1lY2FhLTExZTYtOGY4OC0zNDM2M2JjN2M0YzAiOnsiY3JlYXRlIjo2MDAwMDAwMDAwMDAsImRlbGV0ZSI6NjAwMDAwMDAwMDAwLCJ1cGRhdGUiOjYwMDAwMDAwMDAwMH19",
          "dependencies": [
            "module.alb.aws_security_group.create_alb_sg",
            "module.vpc.aws_subnet.create_public_sub",
            "module.vpc.aws_vpc.create_vpc"
          ]
        }
      ]
    },
    {
      "module": "module.alb",
      "mode": "managed",
      "type": "aws_lb_listener",
      "name": "create_listener",
      "provider": "provider[\"registry.terraform.io/hashicorp/aws\"]",
      "instances": [
        {
          "schema_version": 0,
          "attributes": {
            "alpn_policy": null,
            "arn": "arn:aws:elasticloadbalancing:ap-southeast-1:594123181409:listener/app/skillup-malcedo-alb/8beca708eb9e1e4b/3ff8208b8b16057a",
            "certificate_arn": null,
            "default_action": [
              {
                "authenticate_cognito": [],
                "authenticate_oidc": [],
                "fixed_response": [],
                "forward": [],
                "order": 1,
                "redirect": [],
                "target_group_arn": "arn:aws:elasticloadbalancing:ap-southeast-1:594123181409:targetgroup/skillup-malcedo-tg/e15deee6a4257377",
                "type": "forward"
              }
            ],
            "id": "arn:aws:elasticloadbalancing:ap-southeast-1:594123181409:listener/app/skillup-malcedo-alb/8beca708eb9e1e4b/3ff8208b8b16057a",
            "load_balancer_arn": "arn:aws:elasticloadbalancing:ap-southeast-1:594123181409:loadbalancer/app/skillup-malcedo-alb/8beca708eb9e1e4b",
            "port": 80,
            "protocol": "HTTP",
            "ssl_policy": "",
            "tags": {},
            "tags_all": {},
            "timeouts": null
          },
          "sensitive_attributes": [],
          "private": "eyJlMmJmYjczMC1lY2FhLTExZTYtOGY4OC0zNDM2M2JjN2M0YzAiOnsicmVhZCI6NjAwMDAwMDAwMDAwfX0=",
          "dependencies": [
            "module.alb.aws_lb.create_alb",
            "module.alb.aws_lb_target_group.create_tg",
            "module.alb.aws_security_group.create_alb_sg",
            "module.vpc.aws_subnet.create_public_sub",
            "module.vpc.aws_vpc.create_vpc"
          ]
        }
      ]
    },
    {
      "module": "module.alb",
      "mode": "managed",
      "type": "aws_lb_target_group",
      "name": "create_tg",
      "provider": "provider[\"registry.terraform.io/hashicorp/aws\"]",
      "instances": [
        {
          "schema_version": 0,
          "attributes": {
            "arn": "arn:aws:elasticloadbalancing:ap-southeast-1:594123181409:targetgroup/skillup-malcedo-tg/e15deee6a4257377",
            "arn_suffix": "targetgroup/skillup-malcedo-tg/e15deee6a4257377",
            "deregistration_delay": 300,
            "health_check": [
              {
                "enabled": true,
                "healthy_threshold": 3,
                "interval": 200,
                "matcher": "200-499",
                "path": "/",
                "port": "80",
                "protocol": "HTTP",
                "timeout": 5,
                "unhealthy_threshold": 3
              }
            ],
            "id": "arn:aws:elasticloadbalancing:ap-southeast-1:594123181409:targetgroup/skillup-malcedo-tg/e15deee6a4257377",
            "lambda_multi_value_headers_enabled": false,
            "load_balancing_algorithm_type": "round_robin",
            "name": "skillup-malcedo-tg",
            "name_prefix": null,
            "port": 80,
            "preserve_client_ip": null,
            "protocol": "HTTP",
            "protocol_version": "HTTP1",
            "proxy_protocol_v2": false,
            "slow_start": 0,
            "stickiness": [
              {
                "cookie_duration": 86400,
                "cookie_name": "",
                "enabled": false,
                "type": "lb_cookie"
              }
            ],
            "tags": {
              "GBL_CLASS_0": "SERVICE",
              "GBL_CLASS_1": "TEST",
              "Name": "skillup-malcedo-tg"
            },
            "tags_all": {
              "GBL_CLASS_0": "SERVICE",
              "GBL_CLASS_1": "TEST",
              "Name": "skillup-malcedo-tg"
            },
            "target_type": "instance",
            "vpc_id": "vpc-0a6a12c87fe42d220"
          },
          "sensitive_attributes": [],
          "private": "bnVsbA==",
          "dependencies": [
            "module.vpc.aws_vpc.create_vpc"
          ]
        }
      ]
    },
    {
      "module": "module.alb",
      "mode": "managed",
      "type": "aws_security_group",
      "name": "create_alb_sg",
      "provider": "provider[\"registry.terraform.io/hashicorp/aws\"]",
      "instances": [
        {
          "schema_version": 1,
          "attributes": {
            "arn": "arn:aws:ec2:ap-southeast-1:594123181409:security-group/sg-0c8c37036ba210ee0",
            "description": "security group for malcedo alb",
            "egress": [
              {
                "cidr_blocks": [
                  "0.0.0.0/0"
                ],
                "description": "",
                "from_port": 0,
                "ipv6_cidr_blocks": [],
                "prefix_list_ids": [],
                "protocol": "-1",
                "security_groups": [],
                "self": false,
                "to_port": 0
              }
            ],
            "id": "sg-0c8c37036ba210ee0",
            "ingress": [
              {
                "cidr_blocks": [
                  "203.126.64.69/32"
                ],
                "description": "",
                "from_port": 80,
                "ipv6_cidr_blocks": [],
                "prefix_list_ids": [],
                "protocol": "tcp",
                "security_groups": [],
                "self": false,
                "to_port": 80
              }
            ],
            "name": "skillup-malcedo-alb-sg",
            "name_prefix": "",
            "owner_id": "594123181409",
            "revoke_rules_on_delete": false,
            "tags": {
              "GBL_CLASS_0": "SERVICE",
              "GBL_CLASS_1": "TEST",
              "Name": "skillup-malcedo-alb-sg"
            },
            "tags_all": {
              "GBL_CLASS_0": "SERVICE",
              "GBL_CLASS_1": "TEST",
              "Name": "skillup-malcedo-alb-sg"
            },
            "timeouts": null,
            "vpc_id": "vpc-0a6a12c87fe42d220"
          },
          "sensitive_attributes": [],
          "private": "eyJlMmJmYjczMC1lY2FhLTExZTYtOGY4OC0zNDM2M2JjN2M0YzAiOnsiY3JlYXRlIjo2MDAwMDAwMDAwMDAsImRlbGV0ZSI6OTAwMDAwMDAwMDAwfSwic2NoZW1hX3ZlcnNpb24iOiIxIn0=",
          "dependencies": [
            "module.vpc.aws_vpc.create_vpc"
          ]
        }
      ]
    },
    {
      "module": "module.alb",
      "mode": "managed",
      "type": "aws_security_group_rule",
      "name": "create_sg_rule",
      "provider": "provider[\"registry.terraform.io/hashicorp/aws\"]",
      "instances": [
        {
          "index_key": 0,
          "schema_version": 2,
          "attributes": {
            "cidr_blocks": [
              "203.126.64.69/32"
            ],
            "description": "",
            "from_port": 80,
            "id": "sgrule-4195863765",
            "ipv6_cidr_blocks": [],
            "prefix_list_ids": [],
            "protocol": "tcp",
            "security_group_id": "sg-0c8c37036ba210ee0",
            "self": false,
            "source_security_group_id": null,
            "to_port": 80,
            "type": "ingress"
          },
          "sensitive_attributes": [],
          "private": "eyJzY2hlbWFfdmVyc2lvbiI6IjIifQ==",
          "dependencies": [
            "module.alb.aws_security_group.create_alb_sg",
            "module.vpc.aws_vpc.create_vpc"
          ]
        }
      ]
    },
    {
      "module": "module.asg",
      "mode": "managed",
      "type": "aws_autoscaling_group",
      "name": "create_asg",
      "provider": "provider[\"registry.terraform.io/hashicorp/aws\"]",
      "instances": [
        {
          "schema_version": 0,
          "attributes": {
            "arn": "arn:aws:autoscaling:ap-southeast-1:594123181409:autoScalingGroup:d6b46a88-b53e-4643-89e2-afab057b2a5f:autoScalingGroupName/skillup-malcedo-asg",
            "availability_zones": [
              "ap-southeast-1a",
              "ap-southeast-1c"
            ],
            "capacity_rebalance": false,
            "default_cooldown": 300,
            "desired_capacity": 2,
            "enabled_metrics": null,
            "force_delete": true,
            "force_delete_warm_pool": false,
            "health_check_grace_period": 200,
            "health_check_type": "ELB",
            "id": "skillup-malcedo-asg",
            "initial_lifecycle_hook": [],
            "instance_refresh": [],
            "launch_configuration": "skillup-malcedo-lc",
            "launch_template": [],
            "load_balancers": null,
            "max_instance_lifetime": 0,
            "max_size": 2,
            "metrics_granularity": "1Minute",
            "min_elb_capacity": null,
            "min_size": 2,
            "mixed_instances_policy": [],
            "name": "skillup-malcedo-asg",
            "name_prefix": "",
            "placement_group": "",
            "protect_from_scale_in": false,
            "service_linked_role_arn": "arn:aws:iam::594123181409:role/aws-service-role/autoscaling.amazonaws.com/AWSServiceRoleForAutoScaling",
            "suspended_processes": null,
            "tag": [
              {
                "key": "Name",
                "propagate_at_launch": true,
                "value": "skillup-malcedo-asg"
              }
            ],
            "tags": null,
            "target_group_arns": [
              "arn:aws:elasticloadbalancing:ap-southeast-1:594123181409:targetgroup/skillup-malcedo-tg/e15deee6a4257377"
            ],
            "termination_policies": null,
            "timeouts": null,
            "vpc_zone_identifier": [
              "subnet-02cb5ed2939c76558",
              "subnet-06c07a0ad2f9938f9"
            ],
            "wait_for_capacity_timeout": "10m",
            "wait_for_elb_capacity": null,
            "warm_pool": []
          },
          "sensitive_attributes": [],
          "private": "eyJlMmJmYjczMC1lY2FhLTExZTYtOGY4OC0zNDM2M2JjN2M0YzAiOnsiZGVsZXRlIjo2MDAwMDAwMDAwMDB9fQ==",
          "dependencies": [
            "module.alb.aws_lb_target_group.create_tg",
            "module.asg.aws_launch_configuration.create_launchconfig",
            "module.asg.aws_security_group.create_webserver_sg",
            "module.vpc.aws_subnet.create_private_sub"
          ]
        }
      ]
    },
    {
      "module": "module.asg",
      "mode": "managed",
      "type": "aws_launch_configuration",
      "name": "create_launchconfig",
      "provider": "provider[\"registry.terraform.io/hashicorp/aws\"]",
      "instances": [
        {
          "schema_version": 0,
          "attributes": {
            "arn": "arn:aws:autoscaling:ap-southeast-1:594123181409:launchConfiguration:74350540-0090-4a3f-808f-dafd94a90691:launchConfigurationName/skillup-malcedo-lc",
            "associate_public_ip_address": false,
            "ebs_block_device": [],
            "ebs_optimized": false,
            "enable_monitoring": true,
            "ephemeral_block_device": [],
            "iam_instance_profile": "skillup-malcedo-1b-IAM-S3ReadOnly",
            "id": "skillup-malcedo-lc",
            "image_id": "ami-05c8486d62efc5d07",
            "instance_type": "t2.micro",
            "key_name": "skillup-malcedo",
            "metadata_options": [],
            "name": "skillup-malcedo-lc",
            "name_prefix": "",
            "placement_tenancy": null,
            "root_block_device": [],
            "security_groups": [
              "sg-02204a7b83f06f330"
            ],
            "spot_price": "",
            "user_data": "22428817bfd0ad94010fd633cc2675b539a83e2b",
            "user_data_base64": null,
            "vpc_classic_link_id": "",
            "vpc_classic_link_security_groups": null
          },
          "sensitive_attributes": [],
          "private": "bnVsbA==",
          "dependencies": [
            "module.asg.aws_security_group.create_webserver_sg"
          ]
        }
      ]
    },
    {
      "module": "module.asg",
      "mode": "managed",
      "type": "aws_security_group",
      "name": "create_webserver_sg",
      "provider": "provider[\"registry.terraform.io/hashicorp/aws\"]",
      "instances": [
        {
          "schema_version": 1,
          "attributes": {
            "arn": "arn:aws:ec2:ap-southeast-1:594123181409:security-group/sg-02204a7b83f06f330",
            "description": "security group for malcedo asg",
            "egress": [
              {
                "cidr_blocks": [
                  "0.0.0.0/0"
                ],
                "description": "",
                "from_port": 0,
                "ipv6_cidr_blocks": [],
                "prefix_list_ids": [],
                "protocol": "-1",
                "security_groups": [],
                "self": false,
                "to_port": 0
              }
            ],
            "id": "sg-02204a7b83f06f330",
            "ingress": [
              {
                "cidr_blocks": [],
                "description": "",
                "from_port": 6522,
                "ipv6_cidr_blocks": [],
                "prefix_list_ids": [],
                "protocol": "tcp",
                "security_groups": [
                  "sg-00b67404980f44cf7"
                ],
                "self": false,
                "to_port": 6522
              },
              {
                "cidr_blocks": [],
                "description": "",
                "from_port": 80,
                "ipv6_cidr_blocks": [],
                "prefix_list_ids": [],
                "protocol": "tcp",
                "security_groups": [
                  "sg-0c8c37036ba210ee0"
                ],
                "self": false,
                "to_port": 80
              }
            ],
            "name": "skillup-malcedo-asg-sg",
            "name_prefix": "",
            "owner_id": "594123181409",
            "revoke_rules_on_delete": false,
            "tags": {
              "GBL_CLASS_0": "SERVICE",
              "GBL_CLASS_1": "TEST",
              "Name": "skillup-malcedo-asg-sg"
            },
            "tags_all": {
              "GBL_CLASS_0": "SERVICE",
              "GBL_CLASS_1": "TEST",
              "Name": "skillup-malcedo-asg-sg"
            },
            "timeouts": null,
            "vpc_id": "vpc-0a6a12c87fe42d220"
          },
          "sensitive_attributes": [],
          "private": "eyJlMmJmYjczMC1lY2FhLTExZTYtOGY4OC0zNDM2M2JjN2M0YzAiOnsiY3JlYXRlIjo2MDAwMDAwMDAwMDAsImRlbGV0ZSI6OTAwMDAwMDAwMDAwfSwic2NoZW1hX3ZlcnNpb24iOiIxIn0=",
          "dependencies": [
            "module.vpc.aws_vpc.create_vpc"
          ]
        }
      ]
    },
    {
      "module": "module.asg",
      "mode": "managed",
      "type": "aws_security_group_rule",
      "name": "create_webserver_rule_http",
      "provider": "provider[\"registry.terraform.io/hashicorp/aws\"]",
      "instances": [
        {
          "schema_version": 2,
          "attributes": {
            "cidr_blocks": [],
            "description": "",
            "from_port": 80,
            "id": "sgrule-1566072557",
            "ipv6_cidr_blocks": [],
            "prefix_list_ids": [],
            "protocol": "tcp",
            "security_group_id": "sg-02204a7b83f06f330",
            "self": false,
            "source_security_group_id": "sg-0c8c37036ba210ee0",
            "to_port": 80,
            "type": "ingress"
          },
          "sensitive_attributes": [],
          "private": "eyJzY2hlbWFfdmVyc2lvbiI6IjIifQ==",
          "dependencies": [
            "module.alb.aws_security_group.create_alb_sg",
            "module.asg.aws_security_group.create_webserver_sg",
            "module.vpc.aws_vpc.create_vpc"
          ]
        }
      ]
    },
    {
      "module": "module.asg",
      "mode": "managed",
      "type": "aws_security_group_rule",
      "name": "create_webserver_rule_ssh",
      "provider": "provider[\"registry.terraform.io/hashicorp/aws\"]",
      "instances": [
        {
          "schema_version": 2,
          "attributes": {
            "cidr_blocks": [],
            "description": "",
            "from_port": 6522,
            "id": "sgrule-3902963954",
            "ipv6_cidr_blocks": [],
            "prefix_list_ids": [],
            "protocol": "tcp",
            "security_group_id": "sg-02204a7b83f06f330",
            "self": false,
            "source_security_group_id": "sg-00b67404980f44cf7",
            "to_port": 6522,
            "type": "ingress"
          },
          "sensitive_attributes": [],
          "private": "eyJzY2hlbWFfdmVyc2lvbiI6IjIifQ==",
          "dependencies": [
            "module.asg.aws_security_group.create_webserver_sg",
            "module.bastion.aws_security_group.create_bastion_sg",
            "module.vpc.aws_vpc.create_vpc"
          ]
        }
      ]
    },
    {
      "module": "module.bastion",
      "mode": "managed",
      "type": "aws_instance",
      "name": "create_ec2_bastion",
      "provider": "provider[\"registry.terraform.io/hashicorp/aws\"]",
      "instances": [
        {
          "schema_version": 1,
          "attributes": {
            "ami": "ami-05c8486d62efc5d07",
            "arn": "arn:aws:ec2:ap-southeast-1:594123181409:instance/i-03215a60f79cc0167",
            "associate_public_ip_address": true,
            "availability_zone": "ap-southeast-1c",
            "capacity_reservation_specification": [
              {
                "capacity_reservation_preference": "open",
                "capacity_reservation_target": []
              }
            ],
            "cpu_core_count": 1,
            "cpu_threads_per_core": 1,
            "credit_specification": [
              {
                "cpu_credits": "standard"
              }
            ],
            "disable_api_termination": false,
            "ebs_block_device": [],
            "ebs_optimized": false,
            "enclave_options": [
              {
                "enabled": false
              }
            ],
            "ephemeral_block_device": [],
            "get_password_data": false,
            "hibernation": false,
            "host_id": null,
            "iam_instance_profile": "skillup-malcedo-1b-IAM-S3ReadOnly",
            "id": "i-03215a60f79cc0167",
            "instance_initiated_shutdown_behavior": "stop",
            "instance_state": "running",
            "instance_type": "t2.micro",
            "ipv6_address_count": 0,
            "ipv6_addresses": [],
            "key_name": "skillup-malcedo",
            "launch_template": [],
            "metadata_options": [
              {
                "http_endpoint": "enabled",
                "http_put_response_hop_limit": 1,
                "http_tokens": "optional"
              }
            ],
            "monitoring": false,
            "network_interface": [],
            "outpost_arn": "",
            "password_data": "",
            "placement_group": "",
            "primary_network_interface_id": "eni-09a54c084384df0fe",
            "private_dns": "ip-11-0-2-67.ap-southeast-1.compute.internal",
            "private_ip": "11.0.2.67",
            "public_dns": "",
            "public_ip": "13.250.172.43",
            "root_block_device": [
              {
                "delete_on_termination": true,
                "device_name": "/dev/sda1",
                "encrypted": false,
                "iops": 100,
                "kms_key_id": "",
                "tags": {},
                "throughput": 0,
                "volume_id": "vol-082069589d058592a",
                "volume_size": 8,
                "volume_type": "gp2"
              }
            ],
            "secondary_private_ips": [],
            "security_groups": [],
            "source_dest_check": true,
            "subnet_id": "subnet-0ca5ed7002784e114",
            "tags": {
              "GBL_CLASS_0": "SERVICE",
              "GBL_CLASS_1": "TEST",
              "Name": "skillup-malcedo-bastion"
            },
            "tags_all": {
              "GBL_CLASS_0": "SERVICE",
              "GBL_CLASS_1": "TEST",
              "Name": "skillup-malcedo-bastion"
            },
            "tenancy": "default",
            "timeouts": null,
            "user_data": "22428817bfd0ad94010fd633cc2675b539a83e2b",
            "user_data_base64": null,
            "volume_tags": null,
            "vpc_security_group_ids": [
              "sg-00b67404980f44cf7"
            ]
          },
          "sensitive_attributes": [],
          "private": "eyJlMmJmYjczMC1lY2FhLTExZTYtOGY4OC0zNDM2M2JjN2M0YzAiOnsiY3JlYXRlIjo2MDAwMDAwMDAwMDAsImRlbGV0ZSI6MTIwMDAwMDAwMDAwMCwidXBkYXRlIjo2MDAwMDAwMDAwMDB9LCJzY2hlbWFfdmVyc2lvbiI6IjEifQ==",
          "dependencies": [
            "module.bastion.aws_security_group.create_bastion_sg",
            "module.vpc.aws_subnet.create_public_sub"
          ]
        }
      ]
    },
    {
      "module": "module.bastion",
      "mode": "managed",
      "type": "aws_security_group",
      "name": "create_bastion_sg",
      "provider": "provider[\"registry.terraform.io/hashicorp/aws\"]",
      "instances": [
        {
          "schema_version": 1,
          "attributes": {
            "arn": "arn:aws:ec2:ap-southeast-1:594123181409:security-group/sg-00b67404980f44cf7",
            "description": "security group for skillup-malcedo bastion access",
            "egress": [
              {
                "cidr_blocks": [
                  "0.0.0.0/0"
                ],
                "description": "",
                "from_port": 0,
                "ipv6_cidr_blocks": [],
                "prefix_list_ids": [],
                "protocol": "-1",
                "security_groups": [],
                "self": false,
                "to_port": 0
              }
            ],
            "id": "sg-00b67404980f44cf7",
            "ingress": [
              {
                "cidr_blocks": [
                  "203.126.64.69/32"
                ],
                "description": "",
                "from_port": 6522,
                "ipv6_cidr_blocks": [],
                "prefix_list_ids": [],
                "protocol": "tcp",
                "security_groups": [],
                "self": false,
                "to_port": 6522
              }
            ],
            "name": "skillup-malcedo-bastion-sg",
            "name_prefix": "",
            "owner_id": "594123181409",
            "revoke_rules_on_delete": false,
            "tags": {
              "GBL_CLASS_0": "SERVICE",
              "GBL_CLASS_1": "TEST",
              "Name": "skillup-malcedo-bastion-sg"
            },
            "tags_all": {
              "GBL_CLASS_0": "SERVICE",
              "GBL_CLASS_1": "TEST",
              "Name": "skillup-malcedo-bastion-sg"
            },
            "timeouts": null,
            "vpc_id": "vpc-0a6a12c87fe42d220"
          },
          "sensitive_attributes": [],
          "private": "eyJlMmJmYjczMC1lY2FhLTExZTYtOGY4OC0zNDM2M2JjN2M0YzAiOnsiY3JlYXRlIjo2MDAwMDAwMDAwMDAsImRlbGV0ZSI6OTAwMDAwMDAwMDAwfSwic2NoZW1hX3ZlcnNpb24iOiIxIn0=",
          "dependencies": [
            "module.vpc.aws_vpc.create_vpc"
          ]
        }
      ]
    },
    {
      "module": "module.bastion",
      "mode": "managed",
      "type": "aws_security_group_rule",
      "name": "create_sg_rule",
      "provider": "provider[\"registry.terraform.io/hashicorp/aws\"]",
      "instances": [
        {
          "index_key": 0,
          "schema_version": 2,
          "attributes": {
            "cidr_blocks": [
              "203.126.64.69/32"
            ],
            "description": "",
            "from_port": 6522,
            "id": "sgrule-928597592",
            "ipv6_cidr_blocks": [],
            "prefix_list_ids": [],
            "protocol": "tcp",
            "security_group_id": "sg-00b67404980f44cf7",
            "self": false,
            "source_security_group_id": null,
            "to_port": 6522,
            "type": "ingress"
          },
          "sensitive_attributes": [],
          "private": "eyJzY2hlbWFfdmVyc2lvbiI6IjIifQ==",
          "dependencies": [
            "module.bastion.aws_security_group.create_bastion_sg",
            "module.vpc.aws_vpc.create_vpc"
          ]
        }
      ]
    },
    {
      "module": "module.vpc",
      "mode": "managed",
      "type": "aws_internet_gateway",
      "name": "create_igw",
      "provider": "provider[\"registry.terraform.io/hashicorp/aws\"]",
      "instances": [
        {
          "schema_version": 0,
          "attributes": {
            "arn": "arn:aws:ec2:ap-southeast-1:594123181409:internet-gateway/igw-0068c5e37fd43c21a",
            "id": "igw-0068c5e37fd43c21a",
            "owner_id": "594123181409",
            "tags": {
              "GBL_CLASS_0": "SERVICE",
              "GBL_CLASS_1": "TEST",
              "Name": "skillup-malcedo-igw"
            },
            "tags_all": {
              "GBL_CLASS_0": "SERVICE",
              "GBL_CLASS_1": "TEST",
              "Name": "skillup-malcedo-igw"
            },
            "vpc_id": "vpc-0a6a12c87fe42d220"
          },
          "sensitive_attributes": [],
          "private": "bnVsbA==",
          "dependencies": [
            "module.vpc.aws_vpc.create_vpc"
          ]
        }
      ]
    },
    {
      "module": "module.vpc",
      "mode": "managed",
      "type": "aws_nat_gateway",
      "name": "create_nat",
      "provider": "provider[\"registry.terraform.io/hashicorp/aws\"]",
      "instances": [
        {
          "schema_version": 0,
          "attributes": {
            "allocation_id": "eipalloc-0a367f676eb040dc9",
            "connectivity_type": "public",
            "id": "nat-0d1d7c743d31466e6",
            "network_interface_id": "eni-0318fa9216d3ec428",
            "private_ip": "11.0.1.91",
            "public_ip": "18.139.249.58",
            "subnet_id": "subnet-0868cbdc2849764e9",
            "tags": {
              "GBL_CLASS_0": "SERVICE",
              "GBL_CLASS_1": "TEST",
              "Name": "skillup-malcedo-nat"
            },
            "tags_all": {
              "GBL_CLASS_0": "SERVICE",
              "GBL_CLASS_1": "TEST",
              "Name": "skillup-malcedo-nat"
            }
          },
          "sensitive_attributes": [],
          "private": "bnVsbA==",
          "dependencies": [
            "module.vpc.aws_subnet.create_public_sub",
            "module.vpc.aws_vpc.create_vpc"
          ]
        }
      ]
    },
    {
      "module": "module.vpc",
      "mode": "managed",
      "type": "aws_route_table",
      "name": "create_private_rt",
      "provider": "provider[\"registry.terraform.io/hashicorp/aws\"]",
      "instances": [
        {
          "schema_version": 0,
          "attributes": {
            "arn": "arn:aws:ec2:ap-southeast-1:594123181409:route-table/rtb-0e0c4d8fcdb86d3b8",
            "id": "rtb-0e0c4d8fcdb86d3b8",
            "owner_id": "594123181409",
            "propagating_vgws": [],
            "route": [
              {
                "carrier_gateway_id": "",
                "cidr_block": "0.0.0.0/0",
                "destination_prefix_list_id": "",
                "egress_only_gateway_id": "",
                "gateway_id": "",
                "instance_id": "",
                "ipv6_cidr_block": "",
                "local_gateway_id": "",
                "nat_gateway_id": "nat-0d1d7c743d31466e6",
                "network_interface_id": "",
                "transit_gateway_id": "",
                "vpc_endpoint_id": "",
                "vpc_peering_connection_id": ""
              }
            ],
            "tags": {
              "GBL_CLASS_0": "SERVICE",
              "GBL_CLASS_1": "TEST",
              "Name": "skillup-malcedo-private-rt"
            },
            "tags_all": {
              "GBL_CLASS_0": "SERVICE",
              "GBL_CLASS_1": "TEST",
              "Name": "skillup-malcedo-private-rt"
            },
            "vpc_id": "vpc-0a6a12c87fe42d220"
          },
          "sensitive_attributes": [],
          "private": "bnVsbA==",
          "dependencies": [
            "module.vpc.aws_nat_gateway.create_nat",
            "module.vpc.aws_subnet.create_public_sub",
            "module.vpc.aws_vpc.create_vpc"
          ]
        }
      ]
    },
    {
      "module": "module.vpc",
      "mode": "managed",
      "type": "aws_route_table",
      "name": "create_public_rt",
      "provider": "provider[\"registry.terraform.io/hashicorp/aws\"]",
      "instances": [
        {
          "schema_version": 0,
          "attributes": {
            "arn": "arn:aws:ec2:ap-southeast-1:594123181409:route-table/rtb-0cbd88a6909c4cd4c",
            "id": "rtb-0cbd88a6909c4cd4c",
            "owner_id": "594123181409",
            "propagating_vgws": [],
            "route": [
              {
                "carrier_gateway_id": "",
                "cidr_block": "0.0.0.0/0",
                "destination_prefix_list_id": "",
                "egress_only_gateway_id": "",
                "gateway_id": "igw-0068c5e37fd43c21a",
                "instance_id": "",
                "ipv6_cidr_block": "",
                "local_gateway_id": "",
                "nat_gateway_id": "",
                "network_interface_id": "",
                "transit_gateway_id": "",
                "vpc_endpoint_id": "",
                "vpc_peering_connection_id": ""
              }
            ],
            "tags": {
              "GBL_CLASS_0": "SERVICE",
              "GBL_CLASS_1": "TEST",
              "Name": "skillup-malcedo-public-rt"
            },
            "tags_all": {
              "GBL_CLASS_0": "SERVICE",
              "GBL_CLASS_1": "TEST",
              "Name": "skillup-malcedo-public-rt"
            },
            "vpc_id": "vpc-0a6a12c87fe42d220"
          },
          "sensitive_attributes": [],
          "private": "bnVsbA==",
          "dependencies": [
            "module.vpc.aws_internet_gateway.create_igw",
            "module.vpc.aws_vpc.create_vpc"
          ]
        }
      ]
    },
    {
      "module": "module.vpc",
      "mode": "managed",
      "type": "aws_route_table_association",
      "name": "private_rt_assoc",
      "provider": "provider[\"registry.terraform.io/hashicorp/aws\"]",
      "instances": [
        {
          "index_key": 0,
          "schema_version": 0,
          "attributes": {
            "gateway_id": "",
            "id": "rtbassoc-0ebae35ea09534740",
            "route_table_id": "rtb-0e0c4d8fcdb86d3b8",
            "subnet_id": "subnet-02cb5ed2939c76558"
          },
          "sensitive_attributes": [],
          "private": "bnVsbA==",
          "dependencies": [
            "module.vpc.aws_nat_gateway.create_nat",
            "module.vpc.aws_route_table.create_private_rt",
            "module.vpc.aws_subnet.create_private_sub",
            "module.vpc.aws_subnet.create_public_sub",
            "module.vpc.aws_vpc.create_vpc"
          ]
        },
        {
          "index_key": 1,
          "schema_version": 0,
          "attributes": {
            "gateway_id": "",
            "id": "rtbassoc-06f18b426d47c0a2e",
            "route_table_id": "rtb-0e0c4d8fcdb86d3b8",
            "subnet_id": "subnet-06c07a0ad2f9938f9"
          },
          "sensitive_attributes": [],
          "private": "bnVsbA==",
          "dependencies": [
            "module.vpc.aws_nat_gateway.create_nat",
            "module.vpc.aws_route_table.create_private_rt",
            "module.vpc.aws_subnet.create_private_sub",
            "module.vpc.aws_subnet.create_public_sub",
            "module.vpc.aws_vpc.create_vpc"
          ]
        }
      ]
    },
    {
      "module": "module.vpc",
      "mode": "managed",
      "type": "aws_route_table_association",
      "name": "public_rt_assoc",
      "provider": "provider[\"registry.terraform.io/hashicorp/aws\"]",
      "instances": [
        {
          "index_key": 0,
          "schema_version": 0,
          "attributes": {
            "gateway_id": "",
            "id": "rtbassoc-07df48c3da06af351",
            "route_table_id": "rtb-0cbd88a6909c4cd4c",
            "subnet_id": "subnet-0868cbdc2849764e9"
          },
          "sensitive_attributes": [],
          "private": "bnVsbA==",
          "dependencies": [
            "module.vpc.aws_internet_gateway.create_igw",
            "module.vpc.aws_route_table.create_public_rt",
            "module.vpc.aws_subnet.create_public_sub",
            "module.vpc.aws_vpc.create_vpc"
          ]
        },
        {
          "index_key": 1,
          "schema_version": 0,
          "attributes": {
            "gateway_id": "",
            "id": "rtbassoc-034cb9b0caf9f5dce",
            "route_table_id": "rtb-0cbd88a6909c4cd4c",
            "subnet_id": "subnet-0ca5ed7002784e114"
          },
          "sensitive_attributes": [],
          "private": "bnVsbA==",
          "dependencies": [
            "module.vpc.aws_internet_gateway.create_igw",
            "module.vpc.aws_route_table.create_public_rt",
            "module.vpc.aws_subnet.create_public_sub",
            "module.vpc.aws_vpc.create_vpc"
          ]
        }
      ]
    },
    {
      "module": "module.vpc",
      "mode": "managed",
      "type": "aws_subnet",
      "name": "create_db_sub",
      "provider": "provider[\"registry.terraform.io/hashicorp/aws\"]",
      "instances": [
        {
          "index_key": 0,
          "schema_version": 1,
          "attributes": {
            "arn": "arn:aws:ec2:ap-southeast-1:594123181409:subnet/subnet-097b374a7603c82e1",
            "assign_ipv6_address_on_creation": false,
            "availability_zone": "ap-southeast-1a",
            "availability_zone_id": "apse1-az1",
            "cidr_block": "11.0.5.0/24",
            "customer_owned_ipv4_pool": "",
            "id": "subnet-097b374a7603c82e1",
            "ipv6_cidr_block": "",
            "ipv6_cidr_block_association_id": "",
            "map_customer_owned_ip_on_launch": false,
            "map_public_ip_on_launch": false,
            "outpost_arn": "",
            "owner_id": "594123181409",
            "tags": {
              "GBL_CLASS_0": "SERVICE",
              "GBL_CLASS_1": "TEST",
              "Name": "skillup-malcedo-db-1"
            },
            "tags_all": {
              "GBL_CLASS_0": "SERVICE",
              "GBL_CLASS_1": "TEST",
              "Name": "skillup-malcedo-db-1"
            },
            "timeouts": null,
            "vpc_id": "vpc-0a6a12c87fe42d220"
          },
          "sensitive_attributes": [],
          "private": "eyJlMmJmYjczMC1lY2FhLTExZTYtOGY4OC0zNDM2M2JjN2M0YzAiOnsiY3JlYXRlIjo2MDAwMDAwMDAwMDAsImRlbGV0ZSI6MTIwMDAwMDAwMDAwMH0sInNjaGVtYV92ZXJzaW9uIjoiMSJ9",
          "dependencies": [
            "module.vpc.aws_vpc.create_vpc"
          ]
        },
        {
          "index_key": 1,
          "schema_version": 1,
          "attributes": {
            "arn": "arn:aws:ec2:ap-southeast-1:594123181409:subnet/subnet-0f2b9dd85a9409faa",
            "assign_ipv6_address_on_creation": false,
            "availability_zone": "ap-southeast-1c",
            "availability_zone_id": "apse1-az3",
            "cidr_block": "11.0.6.0/24",
            "customer_owned_ipv4_pool": "",
            "id": "subnet-0f2b9dd85a9409faa",
            "ipv6_cidr_block": "",
            "ipv6_cidr_block_association_id": "",
            "map_customer_owned_ip_on_launch": false,
            "map_public_ip_on_launch": false,
            "outpost_arn": "",
            "owner_id": "594123181409",
            "tags": {
              "GBL_CLASS_0": "SERVICE",
              "GBL_CLASS_1": "TEST",
              "Name": "skillup-malcedo-db-2"
            },
            "tags_all": {
              "GBL_CLASS_0": "SERVICE",
              "GBL_CLASS_1": "TEST",
              "Name": "skillup-malcedo-db-2"
            },
            "timeouts": null,
            "vpc_id": "vpc-0a6a12c87fe42d220"
          },
          "sensitive_attributes": [],
          "private": "eyJlMmJmYjczMC1lY2FhLTExZTYtOGY4OC0zNDM2M2JjN2M0YzAiOnsiY3JlYXRlIjo2MDAwMDAwMDAwMDAsImRlbGV0ZSI6MTIwMDAwMDAwMDAwMH0sInNjaGVtYV92ZXJzaW9uIjoiMSJ9",
          "dependencies": [
            "module.vpc.aws_vpc.create_vpc"
          ]
        }
      ]
    },
    {
      "module": "module.vpc",
      "mode": "managed",
      "type": "aws_subnet",
      "name": "create_private_sub",
      "provider": "provider[\"registry.terraform.io/hashicorp/aws\"]",
      "instances": [
        {
          "index_key": 0,
          "schema_version": 1,
          "attributes": {
            "arn": "arn:aws:ec2:ap-southeast-1:594123181409:subnet/subnet-02cb5ed2939c76558",
            "assign_ipv6_address_on_creation": false,
            "availability_zone": "ap-southeast-1a",
            "availability_zone_id": "apse1-az1",
            "cidr_block": "11.0.3.0/24",
            "customer_owned_ipv4_pool": "",
            "id": "subnet-02cb5ed2939c76558",
            "ipv6_cidr_block": "",
            "ipv6_cidr_block_association_id": "",
            "map_customer_owned_ip_on_launch": false,
            "map_public_ip_on_launch": false,
            "outpost_arn": "",
            "owner_id": "594123181409",
            "tags": {
              "GBL_CLASS_0": "SERVICE",
              "GBL_CLASS_1": "TEST",
              "Name": "skillup-malcedo-private-1"
            },
            "tags_all": {
              "GBL_CLASS_0": "SERVICE",
              "GBL_CLASS_1": "TEST",
              "Name": "skillup-malcedo-private-1"
            },
            "timeouts": null,
            "vpc_id": "vpc-0a6a12c87fe42d220"
          },
          "sensitive_attributes": [],
          "private": "eyJlMmJmYjczMC1lY2FhLTExZTYtOGY4OC0zNDM2M2JjN2M0YzAiOnsiY3JlYXRlIjo2MDAwMDAwMDAwMDAsImRlbGV0ZSI6MTIwMDAwMDAwMDAwMH0sInNjaGVtYV92ZXJzaW9uIjoiMSJ9",
          "dependencies": [
            "module.vpc.aws_vpc.create_vpc"
          ]
        },
        {
          "index_key": 1,
          "schema_version": 1,
          "attributes": {
            "arn": "arn:aws:ec2:ap-southeast-1:594123181409:subnet/subnet-06c07a0ad2f9938f9",
            "assign_ipv6_address_on_creation": false,
            "availability_zone": "ap-southeast-1c",
            "availability_zone_id": "apse1-az3",
            "cidr_block": "11.0.4.0/24",
            "customer_owned_ipv4_pool": "",
            "id": "subnet-06c07a0ad2f9938f9",
            "ipv6_cidr_block": "",
            "ipv6_cidr_block_association_id": "",
            "map_customer_owned_ip_on_launch": false,
            "map_public_ip_on_launch": false,
            "outpost_arn": "",
            "owner_id": "594123181409",
            "tags": {
              "GBL_CLASS_0": "SERVICE",
              "GBL_CLASS_1": "TEST",
              "Name": "skillup-malcedo-private-2"
            },
            "tags_all": {
              "GBL_CLASS_0": "SERVICE",
              "GBL_CLASS_1": "TEST",
              "Name": "skillup-malcedo-private-2"
            },
            "timeouts": null,
            "vpc_id": "vpc-0a6a12c87fe42d220"
          },
          "sensitive_attributes": [],
          "private": "eyJlMmJmYjczMC1lY2FhLTExZTYtOGY4OC0zNDM2M2JjN2M0YzAiOnsiY3JlYXRlIjo2MDAwMDAwMDAwMDAsImRlbGV0ZSI6MTIwMDAwMDAwMDAwMH0sInNjaGVtYV92ZXJzaW9uIjoiMSJ9",
          "dependencies": [
            "module.vpc.aws_vpc.create_vpc"
          ]
        }
      ]
    },
    {
      "module": "module.vpc",
      "mode": "managed",
      "type": "aws_subnet",
      "name": "create_public_sub",
      "provider": "provider[\"registry.terraform.io/hashicorp/aws\"]",
      "instances": [
        {
          "index_key": 0,
          "schema_version": 1,
          "attributes": {
            "arn": "arn:aws:ec2:ap-southeast-1:594123181409:subnet/subnet-0868cbdc2849764e9",
            "assign_ipv6_address_on_creation": false,
            "availability_zone": "ap-southeast-1a",
            "availability_zone_id": "apse1-az1",
            "cidr_block": "11.0.1.0/24",
            "customer_owned_ipv4_pool": "",
            "id": "subnet-0868cbdc2849764e9",
            "ipv6_cidr_block": "",
            "ipv6_cidr_block_association_id": "",
            "map_customer_owned_ip_on_launch": false,
            "map_public_ip_on_launch": false,
            "outpost_arn": "",
            "owner_id": "594123181409",
            "tags": {
              "GBL_CLASS_0": "SERVICE",
              "GBL_CLASS_1": "TEST",
              "Name": "skillup-malcedo-public-1"
            },
            "tags_all": {
              "GBL_CLASS_0": "SERVICE",
              "GBL_CLASS_1": "TEST",
              "Name": "skillup-malcedo-public-1"
            },
            "timeouts": null,
            "vpc_id": "vpc-0a6a12c87fe42d220"
          },
          "sensitive_attributes": [],
          "private": "eyJlMmJmYjczMC1lY2FhLTExZTYtOGY4OC0zNDM2M2JjN2M0YzAiOnsiY3JlYXRlIjo2MDAwMDAwMDAwMDAsImRlbGV0ZSI6MTIwMDAwMDAwMDAwMH0sInNjaGVtYV92ZXJzaW9uIjoiMSJ9",
          "dependencies": [
            "module.vpc.aws_vpc.create_vpc"
          ]
        },
        {
          "index_key": 1,
          "schema_version": 1,
          "attributes": {
            "arn": "arn:aws:ec2:ap-southeast-1:594123181409:subnet/subnet-0ca5ed7002784e114",
            "assign_ipv6_address_on_creation": false,
            "availability_zone": "ap-southeast-1c",
            "availability_zone_id": "apse1-az3",
            "cidr_block": "11.0.2.0/24",
            "customer_owned_ipv4_pool": "",
            "id": "subnet-0ca5ed7002784e114",
            "ipv6_cidr_block": "",
            "ipv6_cidr_block_association_id": "",
            "map_customer_owned_ip_on_launch": false,
            "map_public_ip_on_launch": false,
            "outpost_arn": "",
            "owner_id": "594123181409",
            "tags": {
              "GBL_CLASS_0": "SERVICE",
              "GBL_CLASS_1": "TEST",
              "Name": "skillup-malcedo-public-2"
            },
            "tags_all": {
              "GBL_CLASS_0": "SERVICE",
              "GBL_CLASS_1": "TEST",
              "Name": "skillup-malcedo-public-2"
            },
            "timeouts": null,
            "vpc_id": "vpc-0a6a12c87fe42d220"
          },
          "sensitive_attributes": [],
          "private": "eyJlMmJmYjczMC1lY2FhLTExZTYtOGY4OC0zNDM2M2JjN2M0YzAiOnsiY3JlYXRlIjo2MDAwMDAwMDAwMDAsImRlbGV0ZSI6MTIwMDAwMDAwMDAwMH0sInNjaGVtYV92ZXJzaW9uIjoiMSJ9",
          "dependencies": [
            "module.vpc.aws_vpc.create_vpc"
          ]
        }
      ]
    },
    {
      "module": "module.vpc",
      "mode": "managed",
      "type": "aws_vpc",
      "name": "create_vpc",
      "provider": "provider[\"registry.terraform.io/hashicorp/aws\"]",
      "instances": [
        {
          "schema_version": 1,
          "attributes": {
            "arn": "arn:aws:ec2:ap-southeast-1:594123181409:vpc/vpc-0a6a12c87fe42d220",
            "assign_generated_ipv6_cidr_block": false,
            "cidr_block": "11.0.0.0/16",
            "default_network_acl_id": "acl-0897921f612466bef",
            "default_route_table_id": "rtb-021532fe779223ed4",
            "default_security_group_id": "sg-06d1eb0187d1e5dca",
            "dhcp_options_id": "dopt-edf6e78f",
            "enable_classiclink": false,
            "enable_classiclink_dns_support": false,
            "enable_dns_hostnames": false,
            "enable_dns_support": true,
            "id": "vpc-0a6a12c87fe42d220",
            "instance_tenancy": "default",
            "ipv6_association_id": "",
            "ipv6_cidr_block": "",
            "main_route_table_id": "rtb-021532fe779223ed4",
            "owner_id": "594123181409",
            "tags": {
              "GBL_CLASS_0": "SERVICE",
              "GBL_CLASS_1": "TEST",
              "Name": "skillup-malcedo-vpc"
            },
            "tags_all": {
              "GBL_CLASS_0": "SERVICE",
              "GBL_CLASS_1": "TEST",
              "Name": "skillup-malcedo-vpc"
            }
          },
          "sensitive_attributes": [],
          "private": "eyJzY2hlbWFfdmVyc2lvbiI6IjEifQ=="
        }
      ]
    },
    {
      "module": "module.vpc",
      "mode": "managed",
      "type": "aws_vpc_endpoint",
      "name": "create_s3endpoint",
      "provider": "provider[\"registry.terraform.io/hashicorp/aws\"]",
      "instances": [
        {
          "schema_version": 0,
          "attributes": {
            "arn": "arn:aws:ec2:ap-southeast-1:594123181409:vpc-endpoint/vpce-05ca7542c23f5d224",
            "auto_accept": null,
            "cidr_blocks": [
              "52.219.32.0/21",
              "3.5.146.0/23",
              "18.34.248.0/22",
              "3.5.148.0/22",
              "18.34.64.0/21",
              "52.219.40.0/22",
              "52.219.124.0/22",
              "52.219.128.0/21",
              "52.219.184.0/21",
              "16.12.48.0/21",
              "52.219.164.0/22",
              "52.219.180.0/22"
            ],
            "dns_entry": [],
            "id": "vpce-05ca7542c23f5d224",
            "network_interface_ids": [],
            "owner_id": "594123181409",
            "policy": "{\"Statement\":[{\"Action\":\"*\",\"Effect\":\"Allow\",\"Principal\":\"*\",\"Resource\":\"*\"}],\"Version\":\"2008-10-17\"}",
            "prefix_list_id": "pl-6fa54006",
            "private_dns_enabled": false,
            "requester_managed": false,
            "route_table_ids": [
              "rtb-0cbd88a6909c4cd4c",
              "rtb-0e0c4d8fcdb86d3b8"
            ],
            "security_group_ids": [],
            "service_name": "com.amazonaws.ap-southeast-1.s3",
            "state": "available",
            "subnet_ids": [],
            "tags": {
              "GBL_CLASS_0": "SERVICE",
              "GBL_CLASS_1": "TEST",
              "Name": "skillup-malcedo-s3-endpoint"
            },
            "tags_all": {
              "GBL_CLASS_0": "SERVICE",
              "GBL_CLASS_1": "TEST",
              "Name": "skillup-malcedo-s3-endpoint"
            },
            "timeouts": null,
            "vpc_endpoint_type": "Gateway",
            "vpc_id": "vpc-0a6a12c87fe42d220"
          },
          "sensitive_attributes": [],
          "private": "eyJlMmJmYjczMC1lY2FhLTExZTYtOGY4OC0zNDM2M2JjN2M0YzAiOnsiY3JlYXRlIjo2MDAwMDAwMDAwMDAsImRlbGV0ZSI6NjAwMDAwMDAwMDAwLCJ1cGRhdGUiOjYwMDAwMDAwMDAwMH19",
          "dependencies": [
            "module.vpc.aws_internet_gateway.create_igw",
            "module.vpc.aws_nat_gateway.create_nat",
            "module.vpc.aws_route_table.create_private_rt",
            "module.vpc.aws_route_table.create_public_rt",
            "module.vpc.aws_subnet.create_public_sub",
            "module.vpc.aws_vpc.create_vpc"
          ]
        }
      ]
    }
  ]
}
